{
  "name": "finriq",
  "version": "2.0.0",
  "lockfileVersion": 1,
  "requires": true,
  "dependencies": {
    "bot.js": {
      "version": "0.0.1",
      "resolved": "https://registry.npmjs.org/bot.js/-/bot.js-0.0.1.tgz",
      "integrity": "sha512-5LqCAdZtokkHNkSOAUNH6vC18KASL9SifFRpmjCWzjAx2sbW7fmWoKiXsaUIhOh/+hmFPLUXNTE8Oa20/tjbMw=="
    }
  }
}
